
Microsoft Visual Studio Solution File, Format Version 12.00
# Visual Studio Version 16
VisualStudioVersion = 16.0.31019.35
MinimumVisualStudioVersion = 10.0.40219.1
Project("{FAE04EC0-301F-11D3-BF4B-00C04F79EFBC}") = "StatisticalApp", "StatisticalApp\StatisticalApp.csproj", "{096F6AC2-D4C2-4A2F-B0A0-990BA840BE5F}"
EndProject
Global
	GlobalSection(SolutionConfigurationPlatforms) = preSolution
		Debug|Any CPU = Debug|Any CPU
		Release|Any CPU = Release|Any CPU
	EndGlobalSection
	GlobalSection(ProjectConfigurationPlatforms) = postSolution
		{096F6AC2-D4C2-4A2F-B0A0-990BA840BE5F}.Debug|Any CPU.ActiveCfg = Debug|Any CPU
		{096F6AC2-D4C2-4A2F-B0A0-990BA840BE5F}.Debug|Any CPU.Build.0 = Debug|Any CPU
		{096F6AC2-D4C2-4A2F-B0A0-990BA840BE5F}.Release|Any CPU.ActiveCfg = Release|Any CPU
		{096F6AC2-D4C2-4A2F-B0A0-990BA840BE5F}.Release|Any CPU.Build.0 = Release|Any CPU
	EndGlobalSection
	GlobalSection(SolutionProperties) = preSolution
		HideSolutionNode = FALSE
	EndGlobalSection
	GlobalSection(ExtensibilityGlobals) = postSolution
		SolutionGuid = {2F77EB2D-9871-4D1A-9A5A-8B228E045FE6}
	EndGlobalSection
EndGlobal
